// !$*UTF8*$!
{
	archiveVersion = 1;
	classes = {
	};
	objectVersion = 46;
	objects = {

/* Begin PBXBuildFile section */
		74174E591DF835C100D10710 /* AppDelegate.swift in Sources */ = {isa = PBXBuildFile; fileRef = 74174E581DF835C100D10710 /* AppDelegate.swift */; };
		74174E5B1DF835C100D10710 /* MainViewController.swift in Sources */ = {isa = PBXBuildFile; fileRef = 74174E5A1DF835C100D10710 /* MainViewController.swift */; };
		74174E5D1DF835C100D10710 /* Assets.xcassets in Resources */ = {isa = PBXBuildFile; fileRef = 74174E5C1DF835C100D10710 /* Assets.xcassets */; };
		74174E601DF835C100D10710 /* Main.storyboard in Resources */ = {isa = PBXBuildFile; fileRef = 74174E5E1DF835C100D10710 /* Main.storyboard */; };
		74174E681DF838EE00D10710 /* TitlebarController.swift in Sources */ = {isa = PBXBuildFile; fileRef = 74174E671DF838EE00D10710 /* TitlebarController.swift */; };
		74174E6A1DF83AED00D10710 /* MainWindowController.swift in Sources */ = {isa = PBXBuildFile; fileRef = 74174E691DF83AED00D10710 /* MainWindowController.swift */; };
		74443D531DF944B000625848 /* Configuration.swift in Sources */ = {isa = PBXBuildFile; fileRef = 74443D521DF944B000625848 /* Configuration.swift */; };
		74443D551DF9841900625848 /* SettingsController.swift in Sources */ = {isa = PBXBuildFile; fileRef = 74443D541DF9841900625848 /* SettingsController.swift */; };
		7492390D1E66B1B8005F629E /* HeaderView.swift in Sources */ = {isa = PBXBuildFile; fileRef = 7492390C1E66B1B8005F629E /* HeaderView.swift */; };
		749239101E66B1DE005F629E /* HeaderView.xib in Resources */ = {isa = PBXBuildFile; fileRef = 7492390E1E66B1DE005F629E /* HeaderView.xib */; };
		74AF40A31E65DA78009A1D47 /* ImageCollection.swift in Sources */ = {isa = PBXBuildFile; fileRef = 74AF40A21E65DA78009A1D47 /* ImageCollection.swift */; };
		74BD2FB81E16B37B000109F9 /* ThumbnailView.swift in Sources */ = {isa = PBXBuildFile; fileRef = 74BD2FB71E16B37B000109F9 /* ThumbnailView.swift */; };
		74BD2FBA1E16B671000109F9 /* ImageData.swift in Sources */ = {isa = PBXBuildFile; fileRef = 74BD2FB91E16B671000109F9 /* ImageData.swift */; };
		74BD2FC11E194895000109F9 /* ThumbnailView.xib in Resources */ = {isa = PBXBuildFile; fileRef = 74BD2FBF1E194895000109F9 /* ThumbnailView.xib */; };
		74DDE1F21E09293200C6FB36 /* Scanner.swift in Sources */ = {isa = PBXBuildFile; fileRef = 74DDE1F11E09293200C6FB36 /* Scanner.swift */; };
/* End PBXBuildFile section */

/* Begin PBXFileReference section */
		74174E551DF835C100D10710 /* PhotoMiner.app */ = {isa = PBXFileReference; explicitFileType = wrapper.application; includeInIndex = 0; path = PhotoMiner.app; sourceTree = BUILT_PRODUCTS_DIR; };
		74174E581DF835C100D10710 /* AppDelegate.swift */ = {isa = PBXFileReference; lastKnownFileType = sourcecode.swift; path = AppDelegate.swift; sourceTree = "<group>"; };
		74174E5A1DF835C100D10710 /* MainViewController.swift */ = {isa = PBXFileReference; lastKnownFileType = sourcecode.swift; path = MainViewController.swift; sourceTree = "<group>"; };
		74174E5C1DF835C100D10710 /* Assets.xcassets */ = {isa = PBXFileReference; lastKnownFileType = folder.assetcatalog; path = Assets.xcassets; sourceTree = "<group>"; };
		74174E5F1DF835C100D10710 /* Base */ = {isa = PBXFileReference; lastKnownFileType = file.storyboard; name = Base; path = Base.lproj/Main.storyboard; sourceTree = "<group>"; };
		74174E611DF835C100D10710 /* Info.plist */ = {isa = PBXFileReference; lastKnownFileType = text.plist.xml; path = Info.plist; sourceTree = "<group>"; };
		74174E671DF838EE00D10710 /* TitlebarController.swift */ = {isa = PBXFileReference; fileEncoding = 4; lastKnownFileType = sourcecode.swift; path = TitlebarController.swift; sourceTree = "<group>"; };
		74174E691DF83AED00D10710 /* MainWindowController.swift */ = {isa = PBXFileReference; fileEncoding = 4; lastKnownFileType = sourcecode.swift; path = MainWindowController.swift; sourceTree = "<group>"; };
		74443D521DF944B000625848 /* Configuration.swift */ = {isa = PBXFileReference; fileEncoding = 4; lastKnownFileType = sourcecode.swift; path = Configuration.swift; sourceTree = "<group>"; };
		74443D541DF9841900625848 /* SettingsController.swift */ = {isa = PBXFileReference; fileEncoding = 4; lastKnownFileType = sourcecode.swift; path = SettingsController.swift; sourceTree = "<group>"; };
		7492390C1E66B1B8005F629E /* HeaderView.swift */ = {isa = PBXFileReference; fileEncoding = 4; lastKnownFileType = sourcecode.swift; path = HeaderView.swift; sourceTree = "<group>"; };
		7492390F1E66B1DE005F629E /* Base */ = {isa = PBXFileReference; lastKnownFileType = file.xib; name = Base; path = Base.lproj/HeaderView.xib; sourceTree = "<group>"; };
		74AF40A21E65DA78009A1D47 /* ImageCollection.swift */ = {isa = PBXFileReference; fileEncoding = 4; lastKnownFileType = sourcecode.swift; path = ImageCollection.swift; sourceTree = "<group>"; };
		74BD2FB71E16B37B000109F9 /* ThumbnailView.swift */ = {isa = PBXFileReference; fileEncoding = 4; lastKnownFileType = sourcecode.swift; path = ThumbnailView.swift; sourceTree = "<group>"; };
		74BD2FB91E16B671000109F9 /* ImageData.swift */ = {isa = PBXFileReference; fileEncoding = 4; lastKnownFileType = sourcecode.swift; path = ImageData.swift; sourceTree = "<group>"; };
		74BD2FC01E194895000109F9 /* Base */ = {isa = PBXFileReference; lastKnownFileType = file.xib; name = Base; path = Base.lproj/ThumbnailView.xib; sourceTree = "<group>"; };
		74DDE1F11E09293200C6FB36 /* Scanner.swift */ = {isa = PBXFileReference; fileEncoding = 4; lastKnownFileType = sourcecode.swift; path = Scanner.swift; sourceTree = "<group>"; };
/* End PBXFileReference section */

/* Begin PBXFrameworksBuildPhase section */
		74174E521DF835C100D10710 /* Frameworks */ = {
			isa = PBXFrameworksBuildPhase;
			buildActionMask = 2147483647;
			files = (
			);
			runOnlyForDeploymentPostprocessing = 0;
		};
/* End PBXFrameworksBuildPhase section */

/* Begin PBXGroup section */
		74174E4C1DF835C100D10710 = {
			isa = PBXGroup;
			children = (
				74174E571DF835C100D10710 /* PhotoMiner */,
				74174E561DF835C100D10710 /* Products */,
			);
			sourceTree = "<group>";
		};
		74174E561DF835C100D10710 /* Products */ = {
			isa = PBXGroup;
			children = (
				74174E551DF835C100D10710 /* PhotoMiner.app */,
			);
			name = Products;
			sourceTree = "<group>";
		};
		74174E571DF835C100D10710 /* PhotoMiner */ = {
			isa = PBXGroup;
			children = (
				74BD2FBB1E16F423000109F9 /* Controllers */,
				74BD2FBD1E16F47C000109F9 /* Model */,
				74BD2FBE1E16F492000109F9 /* Resources */,
				74174E5C1DF835C100D10710 /* Assets.xcassets */,
			);
			path = PhotoMiner;
			sourceTree = "<group>";
		};
		74BD2FBB1E16F423000109F9 /* Controllers */ = {
			isa = PBXGroup;
			children = (
				74174E581DF835C100D10710 /* AppDelegate.swift */,
				74174E671DF838EE00D10710 /* TitlebarController.swift */,
				74443D541DF9841900625848 /* SettingsController.swift */,
				74174E691DF83AED00D10710 /* MainWindowController.swift */,
				74174E5A1DF835C100D10710 /* MainViewController.swift */,
				7492390C1E66B1B8005F629E /* HeaderView.swift */,
				74BD2FB71E16B37B000109F9 /* ThumbnailView.swift */,
			);
			name = Controllers;
			sourceTree = "<group>";
		};
		74BD2FBD1E16F47C000109F9 /* Model */ = {
			isa = PBXGroup;
			children = (
				74443D521DF944B000625848 /* Configuration.swift */,
				74DDE1F11E09293200C6FB36 /* Scanner.swift */,
				74AF40A21E65DA78009A1D47 /* ImageCollection.swift */,
				74BD2FB91E16B671000109F9 /* ImageData.swift */,
			);
			name = Model;
			sourceTree = "<group>";
		};
		74BD2FBE1E16F492000109F9 /* Resources */ = {
			isa = PBXGroup;
			children = (
				74174E611DF835C100D10710 /* Info.plist */,
				74174E5E1DF835C100D10710 /* Main.storyboard */,
				7492390E1E66B1DE005F629E /* HeaderView.xib */,
				74BD2FBF1E194895000109F9 /* ThumbnailView.xib */,
			);
			name = Resources;
			sourceTree = "<group>";
		};
/* End PBXGroup section */

/* Begin PBXNativeTarget section */
		74174E541DF835C100D10710 /* PhotoMiner */ = {
			isa = PBXNativeTarget;
			buildConfigurationList = 74174E641DF835C100D10710 /* Build configuration list for PBXNativeTarget "PhotoMiner" */;
			buildPhases = (
				74174E511DF835C100D10710 /* Sources */,
				74174E521DF835C100D10710 /* Frameworks */,
				74174E531DF835C100D10710 /* Resources */,
			);
			buildRules = (
			);
			dependencies = (
			);
			name = PhotoMiner;
			productName = PhotoMiner;
			productReference = 74174E551DF835C100D10710 /* PhotoMiner.app */;
			productType = "com.apple.product-type.application";
		};
/* End PBXNativeTarget section */

/* Begin PBXProject section */
		74174E4D1DF835C100D10710 /* Project object */ = {
			isa = PBXProject;
			attributes = {
				LastSwiftUpdateCheck = 0810;
				LastUpgradeCheck = 0820;
				ORGANIZATIONNAME = TriKatz;
				TargetAttributes = {
					74174E541DF835C100D10710 = {
						CreatedOnToolsVersion = 8.1;
						DevelopmentTeam = Y9N34UZ32J;
						ProvisioningStyle = Automatic;
					};
				};
			};
			buildConfigurationList = 74174E501DF835C100D10710 /* Build configuration list for PBXProject "PhotoMiner" */;
			compatibilityVersion = "Xcode 3.2";
			developmentRegion = English;
			hasScannedForEncodings = 0;
			knownRegions = (
				en,
				Base,
			);
			mainGroup = 74174E4C1DF835C100D10710;
			productRefGroup = 74174E561DF835C100D10710 /* Products */;
			projectDirPath = "";
			projectRoot = "";
			targets = (
				74174E541DF835C100D10710 /* PhotoMiner */,
			);
		};
/* End PBXProject section */

/* Begin PBXResourcesBuildPhase section */
		74174E531DF835C100D10710 /* Resources */ = {
			isa = PBXResourcesBuildPhase;
			buildActionMask = 2147483647;
			files = (
				74BD2FC11E194895000109F9 /* ThumbnailView.xib in Resources */,
				74174E5D1DF835C100D10710 /* Assets.xcassets in Resources */,
				74174E601DF835C100D10710 /* Main.storyboard in Resources */,
				749239101E66B1DE005F629E /* HeaderView.xib in Resources */,
			);
			runOnlyForDeploymentPostprocessing = 0;
		};
/* End PBXResourcesBuildPhase section */

/* Begin PBXSourcesBuildPhase section */
		74174E511DF835C100D10710 /* Sources */ = {
			isa = PBXSourcesBuildPhase;
			buildActionMask = 2147483647;
			files = (
				74443D551DF9841900625848 /* SettingsController.swift in Sources */,
				74174E5B1DF835C100D10710 /* MainViewController.swift in Sources */,
				74BD2FBA1E16B671000109F9 /* ImageData.swift in Sources */,
				74BD2FB81E16B37B000109F9 /* ThumbnailView.swift in Sources */,
				74443D531DF944B000625848 /* Configuration.swift in Sources */,
				74174E681DF838EE00D10710 /* TitlebarController.swift in Sources */,
				74174E6A1DF83AED00D10710 /* MainWindowController.swift in Sources */,
				7492390D1E66B1B8005F629E /* HeaderView.swift in Sources */,
				74AF40A31E65DA78009A1D47 /* ImageCollection.swift in Sources */,
				74DDE1F21E09293200C6FB36 /* Scanner.swift in Sources */,
				74174E591DF835C100D10710 /* AppDelegate.swift in Sources */,
			);
			runOnlyForDeploymentPostprocessing = 0;
		};
/* End PBXSourcesBuildPhase section */

/* Begin PBXVariantGroup section */
		74174E5E1DF835C100D10710 /* Main.storyboard */ = {
			isa = PBXVariantGroup;
			children = (
				74174E5F1DF835C100D10710 /* Base */,
			);
			name = Main.storyboard;
			sourceTree = "<group>";
		};
		7492390E1E66B1DE005F629E /* HeaderView.xib */ = {
			isa = PBXVariantGroup;
			children = (
				7492390F1E66B1DE005F629E /* Base */,
			);
			name = HeaderView.xib;
			sourceTree = "<group>";
		};
		74BD2FBF1E194895000109F9 /* ThumbnailView.xib */ = {
			isa = PBXVariantGroup;
			children = (
				74BD2FC01E194895000109F9 /* Base */,
			);
			name = ThumbnailView.xib;
			sourceTree = "<group>";
		};
/* End PBXVariantGroup section */

/* Begin XCBuildConfiguration section */
		74174E621DF835C100D10710 /* Debug */ = {
			isa = XCBuildConfiguration;
			buildSettings = {
				ALWAYS_SEARCH_USER_PATHS = NO;
				CLANG_ANALYZER_NONNULL = YES;
				CLANG_CXX_LANGUAGE_STANDARD = "gnu++0x";
				CLANG_CXX_LIBRARY = "libc++";
				CLANG_ENABLE_MODULES = YES;
				CLANG_ENABLE_OBJC_ARC = YES;
				CLANG_WARN_BOOL_CONVERSION = YES;
				CLANG_WARN_CONSTANT_CONVERSION = YES;
				CLANG_WARN_DIRECT_OBJC_ISA_USAGE = YES_ERROR;
				CLANG_WARN_DOCUMENTATION_COMMENTS = YES;
				CLANG_WARN_EMPTY_BODY = YES;
				CLANG_WARN_ENUM_CONVERSION = YES;
				CLANG_WARN_INFINITE_RECURSION = YES;
				CLANG_WARN_INT_CONVERSION = YES;
				CLANG_WARN_OBJC_ROOT_CLASS = YES_ERROR;
				CLANG_WARN_SUSPICIOUS_MOVE = YES;
				CLANG_WARN_SUSPICIOUS_MOVES = YES;
				CLANG_WARN_UNREACHABLE_CODE = YES;
				CLANG_WARN__DUPLICATE_METHOD_MATCH = YES;
				CODE_SIGN_IDENTITY = "-";
				COMBINE_HIDPI_IMAGES = YES;
				COPY_PHASE_STRIP = NO;
				DEBUG_INFORMATION_FORMAT = dwarf;
				ENABLE_STRICT_OBJC_MSGSEND = YES;
				ENABLE_TESTABILITY = YES;
				GCC_C_LANGUAGE_STANDARD = gnu99;
				GCC_DYNAMIC_NO_PIC = NO;
				GCC_NO_COMMON_BLOCKS = YES;
				GCC_OPTIMIZATION_LEVEL = 0;
				GCC_PREPROCESSOR_DEFINITIONS = (
					"DEBUG=1",
					"$(inherited)",
				);
				GCC_WARN_64_TO_32_BIT_CONVERSION = YES;
				GCC_WARN_ABOUT_RETURN_TYPE = YES_ERROR;
				GCC_WARN_UNDECLARED_SELECTOR = YES;
				GCC_WARN_UNINITIALIZED_AUTOS = YES_AGGRESSIVE;
				GCC_WARN_UNUSED_FUNCTION = YES;
				GCC_WARN_UNUSED_VARIABLE = YES;
				MACOSX_DEPLOYMENT_TARGET = 10.11;
				MTL_ENABLE_DEBUG_INFO = YES;
				ONLY_ACTIVE_ARCH = YES;
				SDKROOT = macosx;
				SWIFT_ACTIVE_COMPILATION_CONDITIONS = DEBUG;
				SWIFT_OPTIMIZATION_LEVEL = "-Onone";
			};
			name = Debug;
		};
		74174E631DF835C100D10710 /* Release */ = {
			isa = XCBuildConfiguration;
			buildSettings = {
				ALWAYS_SEARCH_USER_PATHS = NO;
				CLANG_ANALYZER_NONNULL = YES;
				CLANG_CXX_LANGUAGE_STANDARD = "gnu++0x";
				CLANG_CXX_LIBRARY = "libc++";
				CLANG_ENABLE_MODULES = YES;
				CLANG_ENABLE_OBJC_ARC = YES;
				CLANG_WARN_BOOL_CONVERSION = YES;
				CLANG_WARN_CONSTANT_CONVERSION = YES;
				CLANG_WARN_DIRECT_OBJC_ISA_USAGE = YES_ERROR;
				CLANG_WARN_DOCUMENTATION_COMMENTS = YES;
				CLANG_WARN_EMPTY_BODY = YES;
				CLANG_WARN_ENUM_CONVERSION = YES;
				CLANG_WARN_INFINITE_RECURSION = YES;
				CLANG_WARN_INT_CONVERSION = YES;
				CLANG_WARN_OBJC_ROOT_CLASS = YES_ERROR;
				CLANG_WARN_SUSPICIOUS_MOVE = YES;
				CLANG_WARN_SUSPICIOUS_MOVES = YES;
				CLANG_WARN_UNREACHABLE_CODE = YES;
				CLANG_WARN__DUPLICATE_METHOD_MATCH = YES;
				CODE_SIGN_IDENTITY = "-";
				COMBINE_HIDPI_IMAGES = YES;
				COPY_PHASE_STRIP = NO;
				DEBUG_INFORMATION_FORMAT = "dwarf-with-dsym";
				ENABLE_NS_ASSERTIONS = NO;
				ENABLE_STRICT_OBJC_MSGSEND = YES;
				GCC_C_LANGUAGE_STANDARD = gnu99;
				GCC_NO_COMMON_BLOCKS = YES;
				GCC_WARN_64_TO_32_BIT_CONVERSION = YES;
				GCC_WARN_ABOUT_RETURN_TYPE = YES_ERROR;
				GCC_WARN_UNDECLARED_SELECTOR = YES;
				GCC_WARN_UNINITIALIZED_AUTOS = YES_AGGRESSIVE;
				GCC_WARN_UNUSED_FUNCTION = YES;
				GCC_WARN_UNUSED_VARIABLE = YES;
				MACOSX_DEPLOYMENT_TARGET = 10.11;
				MTL_ENABLE_DEBUG_INFO = NO;
				SDKROOT = macosx;
				SWIFT_OPTIMIZATION_LEVEL = "-Owholemodule";
			};
			name = Release;
		};
		74174E651DF835C100D10710 /* Debug */ = {
			isa = XCBuildConfiguration;
			buildSettings = {
				ASSETCATALOG_COMPILER_APPICON_NAME = AppIcon;
				CODE_SIGN_IDENTITY = "Mac Developer";
				DEVELOPMENT_TEAM = Y9N34UZ32J;
				INFOPLIST_FILE = PhotoMiner/Info.plist;
				LD_RUNPATH_SEARCH_PATHS = "$(inherited) @executable_path/../Frameworks";
				PRODUCT_BUNDLE_IDENTIFIER = com.trikatz.PhotoMiner;
				PRODUCT_NAME = "$(TARGET_NAME)";
				SWIFT_VERSION = 3.0;
			};
			name = Debug;
		};
		74174E661DF835C100D10710 /* Release */ = {
			isa = XCBuildConfiguration;
			buildSettings = {
				ASSETCATALOG_COMPILER_APPICON_NAME = AppIcon;
				CODE_SIGN_IDENTITY = "Mac Developer";
				DEVELOPMENT_TEAM = Y9N34UZ32J;
				INFOPLIST_FILE = PhotoMiner/Info.plist;
				LD_RUNPATH_SEARCH_PATHS = "$(inherited) @executable_path/../Frameworks";
				PRODUCT_BUNDLE_IDENTIFIER = com.trikatz.PhotoMiner;
				PRODUCT_NAME = "$(TARGET_NAME)";
				SWIFT_VERSION = 3.0;
			};
			name = Release;
		};
/* End XCBuildConfiguration section */

/* Begin XCConfigurationList section */
		74174E501DF835C100D10710 /* Build configuration list for PBXProject "PhotoMiner" */ = {
			isa = XCConfigurationList;
			buildConfigurations = (
				74174E621DF835C100D10710 /* Debug */,
				74174E631DF835C100D10710 /* Release */,
			);
			defaultConfigurationIsVisible = 0;
			defaultConfigurationName = Release;
		};
		74174E641DF835C100D10710 /* Build configuration list for PBXNativeTarget "PhotoMiner" */ = {
			isa = XCConfigurationList;
			buildConfigurations = (
				74174E651DF835C100D10710 /* Debug */,
				74174E661DF835C100D10710 /* Release */,
			);
			defaultConfigurationIsVisible = 0;
			defaultConfigurationName = Release;
		};
/* End XCConfigurationList section */
	};
	rootObject = 74174E4D1DF835C100D10710 /* Project object */;
}
